
Microsoft Visual Studio Solution File, Format Version 12.00
# Visual Studio 2012
Project("{FAE04EC0-301F-11D3-BF4B-00C04F79EFBC}") = "Badger", "Badger\Badger.csproj", "{BC174CA0-DA2C-4C8B-9E6E-A538B27A6E61}"
EndProject
Project("{FAE04EC0-301F-11D3-BF4B-00C04F79EFBC}") = "BadgerTest", "BadgerTest\BadgerTest.csproj", "{A0ED3E4B-0A54-455E-A5BB-F3430532D3F5}"
EndProject
Global
	GlobalSection(SolutionConfigurationPlatforms) = preSolution
		Debug|Any CPU = Debug|Any CPU
		Release|Any CPU = Release|Any CPU
	EndGlobalSection
	GlobalSection(ProjectConfigurationPlatforms) = postSolution
		{BC174CA0-DA2C-4C8B-9E6E-A538B27A6E61}.Debug|Any CPU.ActiveCfg = Debug|Any CPU
		{BC174CA0-DA2C-4C8B-9E6E-A538B27A6E61}.Debug|Any CPU.Build.0 = Debug|Any CPU
		{BC174CA0-DA2C-4C8B-9E6E-A538B27A6E61}.Release|Any CPU.ActiveCfg = Release|Any CPU
		{BC174CA0-DA2C-4C8B-9E6E-A538B27A6E61}.Release|Any CPU.Build.0 = Release|Any CPU
		{A0ED3E4B-0A54-455E-A5BB-F3430532D3F5}.Debug|Any CPU.ActiveCfg = Debug|Any CPU
		{A0ED3E4B-0A54-455E-A5BB-F3430532D3F5}.Debug|Any CPU.Build.0 = Debug|Any CPU
		{A0ED3E4B-0A54-455E-A5BB-F3430532D3F5}.Release|Any CPU.ActiveCfg = Release|Any CPU
		{A0ED3E4B-0A54-455E-A5BB-F3430532D3F5}.Release|Any CPU.Build.0 = Release|Any CPU
	EndGlobalSection
	GlobalSection(SolutionProperties) = preSolution
		HideSolutionNode = FALSE
	EndGlobalSection
EndGlobal
